
Microsoft Visual Studio Solution File, Format Version 12.00
# Visual Studio Version 17
VisualStudioVersion = 17.5.33530.505
MinimumVisualStudioVersion = 10.0.40219.1
Project("{FAE04EC0-301F-11D3-BF4B-00C04F79EFBC}") = "NLayer.Core", "NLayer.core\NLayer.Core.csproj", "{36838568-D9AB-4543-9781-F42B130B2C2A}"
EndProject
Project("{FAE04EC0-301F-11D3-BF4B-00C04F79EFBC}") = "NLayer.Data", "NLayer.data\NLayer.Data.csproj", "{F60CBC0B-9E22-4B70-B8B3-527DCEEDAB4D}"
EndProject
Project("{FAE04EC0-301F-11D3-BF4B-00C04F79EFBC}") = "NLayer.Service", "NLayer.Service\NLayer.Service.csproj", "{21854B51-6769-4309-85D2-CC3B0B27C3A1}"
EndProject
Project("{FAE04EC0-301F-11D3-BF4B-00C04F79EFBC}") = "NLayer.API", "NLayer.API\NLayer.API.csproj", "{22CAAF2A-FE81-487F-91A6-344EE0405D0C}"
EndProject
Project("{FAE04EC0-301F-11D3-BF4B-00C04F79EFBC}") = "NLayer.WEB", "NLayer.WEB\NLayer.WEB.csproj", "{8AA61487-0C80-4375-86F8-707FE8D10839}"
EndProject
Project("{FAE04EC0-301F-11D3-BF4B-00C04F79EFBC}") = "NLayer.Cashing", "NLayer.Cashing\NLayer.Cashing.csproj", "{230A7B3D-E4DC-404D-8BF7-251C0A99D3E3}"
EndProject
Global
	GlobalSection(SolutionConfigurationPlatforms) = preSolution
		Debug|Any CPU = Debug|Any CPU
		Release|Any CPU = Release|Any CPU
	EndGlobalSection
	GlobalSection(ProjectConfigurationPlatforms) = postSolution
		{36838568-D9AB-4543-9781-F42B130B2C2A}.Debug|Any CPU.ActiveCfg = Debug|Any CPU
		{36838568-D9AB-4543-9781-F42B130B2C2A}.Debug|Any CPU.Build.0 = Debug|Any CPU
		{36838568-D9AB-4543-9781-F42B130B2C2A}.Release|Any CPU.ActiveCfg = Release|Any CPU
		{36838568-D9AB-4543-9781-F42B130B2C2A}.Release|Any CPU.Build.0 = Release|Any CPU
		{F60CBC0B-9E22-4B70-B8B3-527DCEEDAB4D}.Debug|Any CPU.ActiveCfg = Debug|Any CPU
		{F60CBC0B-9E22-4B70-B8B3-527DCEEDAB4D}.Debug|Any CPU.Build.0 = Debug|Any CPU
		{F60CBC0B-9E22-4B70-B8B3-527DCEEDAB4D}.Release|Any CPU.ActiveCfg = Release|Any CPU
		{F60CBC0B-9E22-4B70-B8B3-527DCEEDAB4D}.Release|Any CPU.Build.0 = Release|Any CPU
		{21854B51-6769-4309-85D2-CC3B0B27C3A1}.Debug|Any CPU.ActiveCfg = Debug|Any CPU
		{21854B51-6769-4309-85D2-CC3B0B27C3A1}.Debug|Any CPU.Build.0 = Debug|Any CPU
		{21854B51-6769-4309-85D2-CC3B0B27C3A1}.Release|Any CPU.ActiveCfg = Release|Any CPU
		{21854B51-6769-4309-85D2-CC3B0B27C3A1}.Release|Any CPU.Build.0 = Release|Any CPU
		{22CAAF2A-FE81-487F-91A6-344EE0405D0C}.Debug|Any CPU.ActiveCfg = Debug|Any CPU
		{22CAAF2A-FE81-487F-91A6-344EE0405D0C}.Debug|Any CPU.Build.0 = Debug|Any CPU
		{22CAAF2A-FE81-487F-91A6-344EE0405D0C}.Release|Any CPU.ActiveCfg = Release|Any CPU
		{22CAAF2A-FE81-487F-91A6-344EE0405D0C}.Release|Any CPU.Build.0 = Release|Any CPU
		{8AA61487-0C80-4375-86F8-707FE8D10839}.Debug|Any CPU.ActiveCfg = Debug|Any CPU
		{8AA61487-0C80-4375-86F8-707FE8D10839}.Debug|Any CPU.Build.0 = Debug|Any CPU
		{8AA61487-0C80-4375-86F8-707FE8D10839}.Release|Any CPU.ActiveCfg = Release|Any CPU
		{8AA61487-0C80-4375-86F8-707FE8D10839}.Release|Any CPU.Build.0 = Release|Any CPU
		{230A7B3D-E4DC-404D-8BF7-251C0A99D3E3}.Debug|Any CPU.ActiveCfg = Debug|Any CPU
		{230A7B3D-E4DC-404D-8BF7-251C0A99D3E3}.Debug|Any CPU.Build.0 = Debug|Any CPU
		{230A7B3D-E4DC-404D-8BF7-251C0A99D3E3}.Release|Any CPU.ActiveCfg = Release|Any CPU
		{230A7B3D-E4DC-404D-8BF7-251C0A99D3E3}.Release|Any CPU.Build.0 = Release|Any CPU
	EndGlobalSection
	GlobalSection(SolutionProperties) = preSolution
		HideSolutionNode = FALSE
	EndGlobalSection
	GlobalSection(ExtensibilityGlobals) = postSolution
		SolutionGuid = {39444C16-961B-41D8-9B47-2F019C345205}
	EndGlobalSection
EndGlobal
